{
  "nodes": {
    "nixCats": {
      "locked": {
        "lastModified": 1761732732,
        "narHash": "sha256-AP3KzTaFXFLjWWXysSnVTXUaGuC3hkUQZSlxUdGsLSs=",
        "owner": "BirdeeHub",
        "repo": "nixCats-nvim",
        "rev": "6307455a6ccceadb9f873fc51d4cf7cd39bdace5",
        "type": "github"
      },
      "original": {
        "owner": "BirdeeHub",
        "repo": "nixCats-nvim",
        "type": "github"
      }
    },
    "nixpkgs": {
      "locked": {
        "lastModified": 1761656231,
        "narHash": "sha256-EiED5k6gXTWoAIS8yQqi5mAX6ojnzpHwAQTS3ykeYMg=",
        "owner": "nixos",
        "repo": "nixpkgs",
        "rev": "e99366c665bdd53b7b500ccdc5226675cfc51f45",
        "type": "github"
      },
      "original": {
        "owner": "nixos",
        "ref": "nixpkgs-unstable",
        "repo": "nixpkgs",
        "type": "github"
      }
    },
    "plugins-continue-nvim": {
      "flake": false,
      "locked": {
        "lastModified": 1749136284,
        "narHash": "sha256-2uvhY8JHQaL+9TImRUDkPRpJyVOkY2KoRdOfAYlKrzU=",
        "owner": "niba",
        "repo": "continue.nvim",
        "rev": "dea84de20883c7932a2afbc00ceff65a1dd46c69",
        "type": "github"
      },
      "original": {
        "owner": "niba",
        "repo": "continue.nvim",
        "type": "github"
      }
    },
    "plugins-hlargs": {
      "flake": false,
      "locked": {
        "lastModified": 1758619418,
        "narHash": "sha256-WjmVefR0qk2ANWgyHSuYMTuCfzlVTF7tqzAL+uatKkc=",
        "owner": "m-demare",
        "repo": "hlargs.nvim",
        "rev": "0b29317c944fb1f76503ce4540d6dceffbb5ccd2",
        "type": "github"
      },
      "original": {
        "owner": "m-demare",
        "repo": "hlargs.nvim",
        "type": "github"
      }
    },
    "plugins-log-highlight-nvim": {
      "flake": false,
      "locked": {
        "lastModified": 1757607609,
        "narHash": "sha256-+2veVVZ6C6xw5Hhzb3Ek0CdU09R1kZHAYXZjWu8JjWQ=",
        "owner": "fei6409",
        "repo": "log-highlight.nvim",
        "rev": "cac07cf2d1937038f6627a450bef4664f096b120",
        "type": "github"
      },
      "original": {
        "owner": "fei6409",
        "repo": "log-highlight.nvim",
        "type": "github"
      }
    },
    "root": {
      "inputs": {
        "nixCats": "nixCats",
        "nixpkgs": "nixpkgs",
        "plugins-continue-nvim": "plugins-continue-nvim",
        "plugins-hlargs": "plugins-hlargs",
        "plugins-log-highlight-nvim": "plugins-log-highlight-nvim"
      }
    }
  },
  "root": "root",
  "version": 7
}
