{
  "nodes": {
    "nixCats": {
      "locked": {
        "lastModified": 1747402538,
        "narHash": "sha256-hqOngVDs86+L2tYseKLqhhJsgXWluwwmPFJByvMc1d4=",
        "owner": "BirdeeHub",
        "repo": "nixCats-nvim",
        "rev": "14e95095b612f2c438e00a0f60287d867e8abd69",
        "type": "github"
      },
      "original": {
        "owner": "BirdeeHub",
        "repo": "nixCats-nvim",
        "type": "github"
      }
    },
    "nixpkgs": {
      "locked": {
        "lastModified": 1747467164,
        "narHash": "sha256-JBXbjJ0t6T6BbVc9iPVquQI9XSXCGQJD8c8SgnUquus=",
        "owner": "nixos",
        "repo": "nixpkgs",
        "rev": "3fcbdcfc707e0aa42c541b7743e05820472bdaec",
        "type": "github"
      },
      "original": {
        "owner": "nixos",
        "ref": "nixpkgs-unstable",
        "repo": "nixpkgs",
        "type": "github"
      }
    },
    "plugins-log-highlight-nvim": {
      "flake": false,
      "locked": {
        "lastModified": 1745854920,
        "narHash": "sha256-WsTf0kmwccmZVNpLqEq0SLZ4zb3Sf0OrG4Bzl5h+gug=",
        "owner": "fei6409",
        "repo": "log-highlight.nvim",
        "rev": "ad14bf52ef93d83a625ab22a1ed94405bcacbcf7",
        "type": "github"
      },
      "original": {
        "owner": "fei6409",
        "repo": "log-highlight.nvim",
        "type": "github"
      }
    },
    "plugins-nix-store-nvim": {
      "flake": false,
      "locked": {
        "lastModified": 1739927138,
        "narHash": "sha256-/rbS47LmWx1Uunuf4kuhYzM/5en1b3vbikAwXr9XLmA=",
        "owner": "wizardlink",
        "repo": "nix-store.nvim",
        "rev": "b026abae4b0c92998b4c9312e8225068b6fb31e5",
        "type": "github"
      },
      "original": {
        "owner": "wizardlink",
        "repo": "nix-store.nvim",
        "type": "github"
      }
    },
    "plugins-roslyn-nvim": {
      "flake": false,
      "locked": {
        "lastModified": 1746598350,
        "narHash": "sha256-jrWzIoaorwQk8phqxAM5zoio4reM1e+qjXd/4Syhp24=",
        "owner": "seblyng",
        "repo": "roslyn.nvim",
        "rev": "8dc729a651ae980088246caf651e5ff24e21077a",
        "type": "github"
      },
      "original": {
        "owner": "seblyng",
        "repo": "roslyn.nvim",
        "type": "github"
      }
    },
    "plugins-rzls-nvim": {
      "flake": false,
      "locked": {
        "lastModified": 1747257242,
        "narHash": "sha256-XrhTI3t0hzv/9oW8bTNLkzyxa2NX6v+XG5ezrD8xHtQ=",
        "owner": "tris203",
        "repo": "rzls.nvim",
        "rev": "db123cecb6bd5e2d97c01e5877865162697d51a6",
        "type": "github"
      },
      "original": {
        "owner": "tris203",
        "repo": "rzls.nvim",
        "type": "github"
      }
    },
    "plugins-venv-selector-nvim": {
      "flake": false,
      "locked": {
        "lastModified": 1732397488,
        "narHash": "sha256-L4L14yq5Ix3w5ty/CImkQXx/CBxwH7jsQhU+dWKndtQ=",
        "owner": "linux-cultist",
        "repo": "venv-selector.nvim",
        "rev": "f212a424fb29949cb5e683928bdd4038bbe0062d",
        "type": "github"
      },
      "original": {
        "owner": "linux-cultist",
        "repo": "venv-selector.nvim",
        "type": "github"
      }
    },
    "root": {
      "inputs": {
        "nixCats": "nixCats",
        "nixpkgs": "nixpkgs",
        "plugins-log-highlight-nvim": "plugins-log-highlight-nvim",
        "plugins-nix-store-nvim": "plugins-nix-store-nvim",
        "plugins-roslyn-nvim": "plugins-roslyn-nvim",
        "plugins-rzls-nvim": "plugins-rzls-nvim",
        "plugins-venv-selector-nvim": "plugins-venv-selector-nvim"
      }
    }
  },
  "root": "root",
  "version": 7
}
